
Microsoft Visual Studio Solution File, Format Version 12.00
# Visual Studio Version 17
VisualStudioVersion = 17.2.32616.157
MinimumVisualStudioVersion = 10.0.40219.1
Project("{FAE04EC0-301F-11D3-BF4B-00C04F79EFBC}") = "DesignPatterns", "DesignPatterns.csproj", "{3E897B9C-2180-447B-B7AC-D306E26A31AF}"
EndProject
Global
	GlobalSection(SolutionConfigurationPlatforms) = preSolution
		Debug|Any CPU = Debug|Any CPU
		Release|Any CPU = Release|Any CPU
	EndGlobalSection
	GlobalSection(ProjectConfigurationPlatforms) = postSolution
		{3E897B9C-2180-447B-B7AC-D306E26A31AF}.Debug|Any CPU.ActiveCfg = Debug|Any CPU
		{3E897B9C-2180-447B-B7AC-D306E26A31AF}.Debug|Any CPU.Build.0 = Debug|Any CPU
		{3E897B9C-2180-447B-B7AC-D306E26A31AF}.Release|Any CPU.ActiveCfg = Release|Any CPU
		{3E897B9C-2180-447B-B7AC-D306E26A31AF}.Release|Any CPU.Build.0 = Release|Any CPU
	EndGlobalSection
	GlobalSection(SolutionProperties) = preSolution
		HideSolutionNode = FALSE
	EndGlobalSection
	GlobalSection(ExtensibilityGlobals) = postSolution
		SolutionGuid = {8A2A9468-7AA8-44AB-9D62-6C548979A3D7}
	EndGlobalSection
EndGlobal
